// !$*UTF8*$!
{
	archiveVersion = 1;
	classes = {
	};
	objectVersion = 48;
	objects = {

/* Begin PBXBuildFile section */
		2F7BBA6221E21F8900E835EF /* grayscale.c in Sources */ = {isa = PBXBuildFile; fileRef = 2F7BBA6121E21F8900E835EF /* grayscale.c */; };
		2F7BBA6421E2326700E835EF /* grayscale_test.c in Sources */ = {isa = PBXBuildFile; fileRef = 2F7BBA6321E2326700E835EF /* grayscale_test.c */; };
		2FAABC8521D3F67D00D47DE9 /* hwb.c in Sources */ = {isa = PBXBuildFile; fileRef = 2FAABC8421D3F67D00D47DE9 /* hwb.c */; };
		2FAABC8721D3FD8700D47DE9 /* hwb_test.c in Sources */ = {isa = PBXBuildFile; fileRef = 2FAABC8621D3FD8700D47DE9 /* hwb_test.c */; };
		2FCEF9E621E1472700F3A80B /* tsl.c in Sources */ = {isa = PBXBuildFile; fileRef = 2FCEF9E521E1472700F3A80B /* tsl.c */; };
		2FCEF9E821E151CA00F3A80B /* tsl_test.c in Sources */ = {isa = PBXBuildFile; fileRef = 2FCEF9E721E151CA00F3A80B /* tsl_test.c */; };
		9F04726F203476D1000639EA /* rgb_test.c in Sources */ = {isa = PBXBuildFile; fileRef = 9F04726E203476D1000639EA /* rgb_test.c */; };
		9F04727120347861000639EA /* hex_test.c in Sources */ = {isa = PBXBuildFile; fileRef = 9F04727020347861000639EA /* hex_test.c */; };
		9F04727320348E67000639EA /* ycbcr_test.c in Sources */ = {isa = PBXBuildFile; fileRef = 9F04727220348E67000639EA /* ycbcr_test.c */; };
		9F04979C204D485200173243 /* hsv_test.c in Sources */ = {isa = PBXBuildFile; fileRef = 9F04979B204D485200173243 /* hsv_test.c */; };
		9F05AC0D2029208B00734C15 /* rgb.c in Sources */ = {isa = PBXBuildFile; fileRef = 9F05AC0C2029208B00734C15 /* rgb.c */; };
		9F10A9BD20605C7F00692EA8 /* lab.c in Sources */ = {isa = PBXBuildFile; fileRef = 9F10A9BC20605C7F00692EA8 /* lab.c */; };
		9F3A07B22028891300CB2311 /* main.c in Sources */ = {isa = PBXBuildFile; fileRef = 9F3A07B12028891300CB2311 /* main.c */; };
		9F4186EE20A62B3000CD500A /* lch_test.c in Sources */ = {isa = PBXBuildFile; fileRef = 9F4186ED20A62B3000CD500A /* lch_test.c */; };
		9F41ED57207CD80E00B8B644 /* luv_test.c in Sources */ = {isa = PBXBuildFile; fileRef = 9F41ED56207CD80E00B8B644 /* luv_test.c */; };
		9F4D411B20599A590031CDA5 /* argb.c in Sources */ = {isa = PBXBuildFile; fileRef = 9F4D411A20599A590031CDA5 /* argb.c */; };
		9F4D411D20599E020031CDA5 /* argb_test.c in Sources */ = {isa = PBXBuildFile; fileRef = 9F4D411C20599E020031CDA5 /* argb_test.c */; };
		9F649FBC2057E45C0019A8BD /* srgb_test.c in Sources */ = {isa = PBXBuildFile; fileRef = 9F649FBB2057E45C0019A8BD /* srgb_test.c */; };
		9F649FBE20580CF10019A8BD /* xyz_test.c in Sources */ = {isa = PBXBuildFile; fileRef = 9F649FBD20580CF10019A8BD /* xyz_test.c */; };
		9F6F0FD0203F6FDE00113349 /* hsl_test.c in Sources */ = {isa = PBXBuildFile; fileRef = 9F6F0FCF203F6FDE00113349 /* hsl_test.c */; };
		9F83F44020358ACF00F16CF6 /* cymk.c in Sources */ = {isa = PBXBuildFile; fileRef = 9F83F43F20358ACF00F16CF6 /* cymk.c */; };
		9F83F4422035922A00F16CF6 /* cymk_test.c in Sources */ = {isa = PBXBuildFile; fileRef = 9F83F4412035922A00F16CF6 /* cymk_test.c */; };
		9F87675620333B1C00578E08 /* libcunit.a in Frameworks */ = {isa = PBXBuildFile; fileRef = 9F3E797E203336B600152E72 /* libcunit.a */; };
		9F8ABE4120A982270001F811 /* lchlab.c in Sources */ = {isa = PBXBuildFile; fileRef = 9F8ABE4020A982270001F811 /* lchlab.c */; };
		9F8ABE4320A9925A0001F811 /* lch_lab_test.c in Sources */ = {isa = PBXBuildFile; fileRef = 9F8ABE4220A9925A0001F811 /* lch_lab_test.c */; };
		9F8ABE4620A9BAE10001F811 /* xyy.c in Sources */ = {isa = PBXBuildFile; fileRef = 9F8ABE4520A9BAE10001F811 /* xyy.c */; };
		9F8ABE4820AA22630001F811 /* xyy_test.c in Sources */ = {isa = PBXBuildFile; fileRef = 9F8ABE4720AA22630001F811 /* xyy_test.c */; };
		9F8BC44A203CC9EE001709CA /* hue.c in Sources */ = {isa = PBXBuildFile; fileRef = 9F8BC449203CC9EE001709CA /* hue.c */; };
		9F8BC44C203CD17F001709CA /* hue_test.c in Sources */ = {isa = PBXBuildFile; fileRef = 9F8BC44B203CD17F001709CA /* hue_test.c */; };
		9F9AA8A72029DE74008A28B8 /* helper.c in Sources */ = {isa = PBXBuildFile; fileRef = 9F9AA8A62029DE74008A28B8 /* helper.c */; };
		9F9AA8AB202A546B008A28B8 /* hex.c in Sources */ = {isa = PBXBuildFile; fileRef = 9F9AA8AA202A546B008A28B8 /* hex.c */; };
		9FA29B5820757F6B009DC625 /* luv.c in Sources */ = {isa = PBXBuildFile; fileRef = 9FA29B5720757F6B009DC625 /* luv.c */; };
		9FB09146203DE0B000249EEB /* hsl.c in Sources */ = {isa = PBXBuildFile; fileRef = 9FB09145203DE0B000249EEB /* hsl.c */; };
		9FC4EB8620319B990083637E /* ycbcr.c in Sources */ = {isa = PBXBuildFile; fileRef = 9FC4EB8520319B990083637E /* ycbcr.c */; };
		9FC5E6F820A4ED4B00667C61 /* lch.c in Sources */ = {isa = PBXBuildFile; fileRef = 9FC5E6F720A4ED4B00667C61 /* lch.c */; };
		9FECCB452061BA6200725C97 /* lab_test.c in Sources */ = {isa = PBXBuildFile; fileRef = 9FECCB442061BA6200725C97 /* lab_test.c */; };
		9FF5D4E72048A99C00D364BD /* hsv.c in Sources */ = {isa = PBXBuildFile; fileRef = 9FF5D4E62048A99C00D364BD /* hsv.c */; };
		9FFE46FC20567B8B00EA68D5 /* yuv.c in Sources */ = {isa = PBXBuildFile; fileRef = 9FFE46FB20567B8B00EA68D5 /* yuv.c */; };
		9FFE46FE20568E4900EA68D5 /* yuv_test.c in Sources */ = {isa = PBXBuildFile; fileRef = 9FFE46FD20568E4900EA68D5 /* yuv_test.c */; };
		9FFE470B20572EE800EA68D5 /* xyz.c in Sources */ = {isa = PBXBuildFile; fileRef = 9FFE470A20572EE800EA68D5 /* xyz.c */; };
		9FFE470E20573A7A00EA68D5 /* srgb.c in Sources */ = {isa = PBXBuildFile; fileRef = 9FFE470D20573A7A00EA68D5 /* srgb.c */; };
/* End PBXBuildFile section */

/* Begin PBXCopyFilesBuildPhase section */
		9F3A07AC2028891300CB2311 /* CopyFiles */ = {
			isa = PBXCopyFilesBuildPhase;
			buildActionMask = 2147483647;
			dstPath = /usr/share/man/man1/;
			dstSubfolderSpec = 0;
			files = (
			);
			runOnlyForDeploymentPostprocessing = 1;
		};
/* End PBXCopyFilesBuildPhase section */

/* Begin PBXFileReference section */
		2F7BBA6021E21F8900E835EF /* grayscale.h */ = {isa = PBXFileReference; lastKnownFileType = sourcecode.c.h; path = grayscale.h; sourceTree = "<group>"; };
		2F7BBA6121E21F8900E835EF /* grayscale.c */ = {isa = PBXFileReference; lastKnownFileType = sourcecode.c.c; path = grayscale.c; sourceTree = "<group>"; };
		2F7BBA6321E2326700E835EF /* grayscale_test.c */ = {isa = PBXFileReference; lastKnownFileType = sourcecode.c.c; path = grayscale_test.c; sourceTree = "<group>"; };
		2FAABC8321D3F67D00D47DE9 /* hwb.h */ = {isa = PBXFileReference; lastKnownFileType = sourcecode.c.h; path = hwb.h; sourceTree = "<group>"; };
		2FAABC8421D3F67D00D47DE9 /* hwb.c */ = {isa = PBXFileReference; lastKnownFileType = sourcecode.c.c; path = hwb.c; sourceTree = "<group>"; };
		2FAABC8621D3FD8700D47DE9 /* hwb_test.c */ = {isa = PBXFileReference; lastKnownFileType = sourcecode.c.c; path = hwb_test.c; sourceTree = "<group>"; };
		2FCEF9E421E1472700F3A80B /* tsl.h */ = {isa = PBXFileReference; lastKnownFileType = sourcecode.c.h; path = tsl.h; sourceTree = "<group>"; };
		2FCEF9E521E1472700F3A80B /* tsl.c */ = {isa = PBXFileReference; lastKnownFileType = sourcecode.c.c; path = tsl.c; sourceTree = "<group>"; };
		2FCEF9E721E151CA00F3A80B /* tsl_test.c */ = {isa = PBXFileReference; lastKnownFileType = sourcecode.c.c; path = tsl_test.c; sourceTree = "<group>"; };
		2FE6F42221A6135E001E3D17 /* errors.h */ = {isa = PBXFileReference; lastKnownFileType = sourcecode.c.h; path = errors.h; sourceTree = "<group>"; };
		2FECDFFA21A7605B008F4DE5 /* xyz_constant.h */ = {isa = PBXFileReference; lastKnownFileType = sourcecode.c.h; path = xyz_constant.h; sourceTree = "<group>"; };
		9F04726D203476D1000639EA /* test_header.h */ = {isa = PBXFileReference; lastKnownFileType = sourcecode.c.h; path = test_header.h; sourceTree = "<group>"; };
		9F04726E203476D1000639EA /* rgb_test.c */ = {isa = PBXFileReference; lastKnownFileType = sourcecode.c.c; path = rgb_test.c; sourceTree = "<group>"; };
		9F04727020347861000639EA /* hex_test.c */ = {isa = PBXFileReference; lastKnownFileType = sourcecode.c.c; path = hex_test.c; sourceTree = "<group>"; };
		9F04727220348E67000639EA /* ycbcr_test.c */ = {isa = PBXFileReference; lastKnownFileType = sourcecode.c.c; path = ycbcr_test.c; sourceTree = "<group>"; };
		9F04979B204D485200173243 /* hsv_test.c */ = {isa = PBXFileReference; lastKnownFileType = sourcecode.c.c; path = hsv_test.c; sourceTree = "<group>"; };
		9F05AC0B2029208B00734C15 /* rgb.h */ = {isa = PBXFileReference; lastKnownFileType = sourcecode.c.h; path = rgb.h; sourceTree = "<group>"; };
		9F05AC0C2029208B00734C15 /* rgb.c */ = {isa = PBXFileReference; lastKnownFileType = sourcecode.c.c; path = rgb.c; sourceTree = "<group>"; };
		9F10A9BB20605C7F00692EA8 /* lab.h */ = {isa = PBXFileReference; lastKnownFileType = sourcecode.c.h; path = lab.h; sourceTree = "<group>"; };
		9F10A9BC20605C7F00692EA8 /* lab.c */ = {isa = PBXFileReference; lastKnownFileType = sourcecode.c.c; path = lab.c; sourceTree = "<group>"; };
		9F3A07AE2028891300CB2311 /* lymui */ = {isa = PBXFileReference; explicitFileType = "compiled.mach-o.executable"; includeInIndex = 0; path = lymui; sourceTree = BUILT_PRODUCTS_DIR; };
		9F3A07B12028891300CB2311 /* main.c */ = {isa = PBXFileReference; lastKnownFileType = sourcecode.c.c; path = main.c; sourceTree = "<group>"; };
		9F3E797C2033369900152E72 /* cunit */ = {isa = PBXFileReference; lastKnownFileType = folder; name = cunit; path = lib/cunit; sourceTree = "<group>"; };
		9F3E797E203336B600152E72 /* libcunit.a */ = {isa = PBXFileReference; lastKnownFileType = archive.ar; name = libcunit.a; path = lib/cunit/libcunit.a; sourceTree = "<group>"; };
		9F4186ED20A62B3000CD500A /* lch_test.c */ = {isa = PBXFileReference; lastKnownFileType = sourcecode.c.c; path = lch_test.c; sourceTree = "<group>"; };
		9F41ED56207CD80E00B8B644 /* luv_test.c */ = {isa = PBXFileReference; lastKnownFileType = sourcecode.c.c; path = luv_test.c; sourceTree = "<group>"; };
		9F4D411920599A590031CDA5 /* argb.h */ = {isa = PBXFileReference; lastKnownFileType = sourcecode.c.h; path = argb.h; sourceTree = "<group>"; };
		9F4D411A20599A590031CDA5 /* argb.c */ = {isa = PBXFileReference; lastKnownFileType = sourcecode.c.c; path = argb.c; sourceTree = "<group>"; };
		9F4D411C20599E020031CDA5 /* argb_test.c */ = {isa = PBXFileReference; lastKnownFileType = sourcecode.c.c; path = argb_test.c; sourceTree = "<group>"; };
		9F649FBB2057E45C0019A8BD /* srgb_test.c */ = {isa = PBXFileReference; lastKnownFileType = sourcecode.c.c; path = srgb_test.c; sourceTree = "<group>"; };
		9F649FBD20580CF10019A8BD /* xyz_test.c */ = {isa = PBXFileReference; lastKnownFileType = sourcecode.c.c; path = xyz_test.c; sourceTree = "<group>"; };
		9F6C2320202E632000804575 /* README.md */ = {isa = PBXFileReference; lastKnownFileType = net.daringfireball.markdown; path = README.md; sourceTree = "<group>"; };
		9F6F0FCF203F6FDE00113349 /* hsl_test.c */ = {isa = PBXFileReference; lastKnownFileType = sourcecode.c.c; path = hsl_test.c; sourceTree = "<group>"; };
		9F83F43E20358ACF00F16CF6 /* cymk.h */ = {isa = PBXFileReference; lastKnownFileType = sourcecode.c.h; path = cymk.h; sourceTree = "<group>"; };
		9F83F43F20358ACF00F16CF6 /* cymk.c */ = {isa = PBXFileReference; lastKnownFileType = sourcecode.c.c; path = cymk.c; sourceTree = "<group>"; };
		9F83F4412035922A00F16CF6 /* cymk_test.c */ = {isa = PBXFileReference; lastKnownFileType = sourcecode.c.c; path = cymk_test.c; sourceTree = "<group>"; };
		9F8ABE3F20A982270001F811 /* lchlab.h */ = {isa = PBXFileReference; lastKnownFileType = sourcecode.c.h; path = lchlab.h; sourceTree = "<group>"; };
		9F8ABE4020A982270001F811 /* lchlab.c */ = {isa = PBXFileReference; lastKnownFileType = sourcecode.c.c; path = lchlab.c; sourceTree = "<group>"; };
		9F8ABE4220A9925A0001F811 /* lch_lab_test.c */ = {isa = PBXFileReference; lastKnownFileType = sourcecode.c.c; path = lch_lab_test.c; sourceTree = "<group>"; };
		9F8ABE4420A9BAE10001F811 /* xyy.h */ = {isa = PBXFileReference; lastKnownFileType = sourcecode.c.h; path = xyy.h; sourceTree = "<group>"; };
		9F8ABE4520A9BAE10001F811 /* xyy.c */ = {isa = PBXFileReference; lastKnownFileType = sourcecode.c.c; path = xyy.c; sourceTree = "<group>"; };
		9F8ABE4720AA22630001F811 /* xyy_test.c */ = {isa = PBXFileReference; lastKnownFileType = sourcecode.c.c; path = xyy_test.c; sourceTree = "<group>"; };
		9F8BC448203CC9EE001709CA /* hue.h */ = {isa = PBXFileReference; lastKnownFileType = sourcecode.c.h; path = hue.h; sourceTree = "<group>"; };
		9F8BC449203CC9EE001709CA /* hue.c */ = {isa = PBXFileReference; lastKnownFileType = sourcecode.c.c; path = hue.c; sourceTree = "<group>"; };
		9F8BC44B203CD17F001709CA /* hue_test.c */ = {isa = PBXFileReference; lastKnownFileType = sourcecode.c.c; path = hue_test.c; sourceTree = "<group>"; };
		9F9AA8A52029DE74008A28B8 /* helper.h */ = {isa = PBXFileReference; lastKnownFileType = sourcecode.c.h; path = helper.h; sourceTree = "<group>"; };
		9F9AA8A62029DE74008A28B8 /* helper.c */ = {isa = PBXFileReference; lastKnownFileType = sourcecode.c.c; path = helper.c; sourceTree = "<group>"; };
		9F9AA8A9202A546B008A28B8 /* hex.h */ = {isa = PBXFileReference; lastKnownFileType = sourcecode.c.h; path = hex.h; sourceTree = "<group>"; };
		9F9AA8AA202A546B008A28B8 /* hex.c */ = {isa = PBXFileReference; lastKnownFileType = sourcecode.c.c; path = hex.c; sourceTree = "<group>"; };
		9FA29B5620757F6B009DC625 /* luv.h */ = {isa = PBXFileReference; lastKnownFileType = sourcecode.c.h; path = luv.h; sourceTree = "<group>"; };
		9FA29B5720757F6B009DC625 /* luv.c */ = {isa = PBXFileReference; lastKnownFileType = sourcecode.c.c; path = luv.c; sourceTree = "<group>"; };
		9FB09144203DE0B000249EEB /* hsl.h */ = {isa = PBXFileReference; lastKnownFileType = sourcecode.c.h; path = hsl.h; sourceTree = "<group>"; };
		9FB09145203DE0B000249EEB /* hsl.c */ = {isa = PBXFileReference; lastKnownFileType = sourcecode.c.c; path = hsl.c; sourceTree = "<group>"; };
		9FC4EB8420319B990083637E /* ycbcr.h */ = {isa = PBXFileReference; lastKnownFileType = sourcecode.c.h; path = ycbcr.h; sourceTree = "<group>"; };
		9FC4EB8520319B990083637E /* ycbcr.c */ = {isa = PBXFileReference; lastKnownFileType = sourcecode.c.c; path = ycbcr.c; sourceTree = "<group>"; };
		9FC5E6F620A4ED4B00667C61 /* lch.h */ = {isa = PBXFileReference; lastKnownFileType = sourcecode.c.h; path = lch.h; sourceTree = "<group>"; };
		9FC5E6F720A4ED4B00667C61 /* lch.c */ = {isa = PBXFileReference; lastKnownFileType = sourcecode.c.c; path = lch.c; sourceTree = "<group>"; };
		9FECCB442061BA6200725C97 /* lab_test.c */ = {isa = PBXFileReference; lastKnownFileType = sourcecode.c.c; path = lab_test.c; sourceTree = "<group>"; };
		9FF5D4E52048A99C00D364BD /* hsv.h */ = {isa = PBXFileReference; lastKnownFileType = sourcecode.c.h; path = hsv.h; sourceTree = "<group>"; };
		9FF5D4E62048A99C00D364BD /* hsv.c */ = {isa = PBXFileReference; lastKnownFileType = sourcecode.c.c; path = hsv.c; sourceTree = "<group>"; };
		9FFE46FA20567B8B00EA68D5 /* yuv.h */ = {isa = PBXFileReference; lastKnownFileType = sourcecode.c.h; path = yuv.h; sourceTree = "<group>"; };
		9FFE46FB20567B8B00EA68D5 /* yuv.c */ = {isa = PBXFileReference; lastKnownFileType = sourcecode.c.c; path = yuv.c; sourceTree = "<group>"; };
		9FFE46FD20568E4900EA68D5 /* yuv_test.c */ = {isa = PBXFileReference; lastKnownFileType = sourcecode.c.c; path = yuv_test.c; sourceTree = "<group>"; };
		9FFE470920572EE800EA68D5 /* xyz.h */ = {isa = PBXFileReference; lastKnownFileType = sourcecode.c.h; path = xyz.h; sourceTree = "<group>"; };
		9FFE470A20572EE800EA68D5 /* xyz.c */ = {isa = PBXFileReference; lastKnownFileType = sourcecode.c.c; path = xyz.c; sourceTree = "<group>"; };
		9FFE470C20573A5300EA68D5 /* srgb.h */ = {isa = PBXFileReference; lastKnownFileType = sourcecode.c.h; path = srgb.h; sourceTree = "<group>"; };
		9FFE470D20573A7A00EA68D5 /* srgb.c */ = {isa = PBXFileReference; lastKnownFileType = sourcecode.c.c; path = srgb.c; sourceTree = "<group>"; };
/* End PBXFileReference section */

/* Begin PBXFrameworksBuildPhase section */
		9F3A07AB2028891300CB2311 /* Frameworks */ = {
			isa = PBXFrameworksBuildPhase;
			buildActionMask = 2147483647;
			files = (
				9F87675620333B1C00578E08 /* libcunit.a in Frameworks */,
			);
			runOnlyForDeploymentPostprocessing = 0;
		};
/* End PBXFrameworksBuildPhase section */

/* Begin PBXGroup section */
		9F04726920347692000639EA /* tests */ = {
			isa = PBXGroup;
			children = (
				9F04726D203476D1000639EA /* test_header.h */,
				9F04726E203476D1000639EA /* rgb_test.c */,
				9F04727020347861000639EA /* hex_test.c */,
				9F04727220348E67000639EA /* ycbcr_test.c */,
				9F83F4412035922A00F16CF6 /* cymk_test.c */,
				9F8BC44B203CD17F001709CA /* hue_test.c */,
				9F6F0FCF203F6FDE00113349 /* hsl_test.c */,
				9F04979B204D485200173243 /* hsv_test.c */,
				9FFE46FD20568E4900EA68D5 /* yuv_test.c */,
				9F649FBB2057E45C0019A8BD /* srgb_test.c */,
				9F649FBD20580CF10019A8BD /* xyz_test.c */,
				9F4D411C20599E020031CDA5 /* argb_test.c */,
				9FECCB442061BA6200725C97 /* lab_test.c */,
				9F41ED56207CD80E00B8B644 /* luv_test.c */,
				9F4186ED20A62B3000CD500A /* lch_test.c */,
				9F8ABE4220A9925A0001F811 /* lch_lab_test.c */,
				9F8ABE4720AA22630001F811 /* xyy_test.c */,
				2FAABC8621D3FD8700D47DE9 /* hwb_test.c */,
				2FCEF9E721E151CA00F3A80B /* tsl_test.c */,
				2F7BBA6321E2326700E835EF /* grayscale_test.c */,
			);
			path = tests;
			sourceTree = "<group>";
		};
		9F3A07A52028891300CB2311 = {
			isa = PBXGroup;
			children = (
				9F6C2320202E632000804575 /* README.md */,
				9F3A07B02028891300CB2311 /* lymui */,
				9F3A07AF2028891300CB2311 /* Products */,
				9F3E797B2033369900152E72 /* Frameworks */,
			);
			sourceTree = "<group>";
		};
		9F3A07AF2028891300CB2311 /* Products */ = {
			isa = PBXGroup;
			children = (
				9F3A07AE2028891300CB2311 /* lymui */,
			);
			name = Products;
			sourceTree = "<group>";
		};
		9F3A07B02028891300CB2311 /* lymui */ = {
			isa = PBXGroup;
			children = (
				9F04726920347692000639EA /* tests */,
				9F70D72F2032EB1D0002E3F3 /* include */,
				9F3A07B12028891300CB2311 /* main.c */,
				9F05AC0C2029208B00734C15 /* rgb.c */,
				9F9AA8A62029DE74008A28B8 /* helper.c */,
				9F9AA8AA202A546B008A28B8 /* hex.c */,
				9FC4EB8520319B990083637E /* ycbcr.c */,
				9F83F43F20358ACF00F16CF6 /* cymk.c */,
				9F8BC449203CC9EE001709CA /* hue.c */,
				9FB09145203DE0B000249EEB /* hsl.c */,
				9FF5D4E62048A99C00D364BD /* hsv.c */,
				9FFE46FB20567B8B00EA68D5 /* yuv.c */,
				9FFE470A20572EE800EA68D5 /* xyz.c */,
				9FFE470D20573A7A00EA68D5 /* srgb.c */,
				9F4D411A20599A590031CDA5 /* argb.c */,
				9F10A9BC20605C7F00692EA8 /* lab.c */,
				9FA29B5720757F6B009DC625 /* luv.c */,
				9FC5E6F720A4ED4B00667C61 /* lch.c */,
				9F8ABE4020A982270001F811 /* lchlab.c */,
				9F8ABE4520A9BAE10001F811 /* xyy.c */,
				2FAABC8421D3F67D00D47DE9 /* hwb.c */,
				2FCEF9E521E1472700F3A80B /* tsl.c */,
				2F7BBA6121E21F8900E835EF /* grayscale.c */,
			);
			path = lymui;
			sourceTree = "<group>";
		};
		9F3E797B2033369900152E72 /* Frameworks */ = {
			isa = PBXGroup;
			children = (
				9F3E797E203336B600152E72 /* libcunit.a */,
				9F3E797C2033369900152E72 /* cunit */,
			);
			name = Frameworks;
			sourceTree = "<group>";
		};
		9F70D72F2032EB1D0002E3F3 /* include */ = {
			isa = PBXGroup;
			children = (
				2F7BBA6021E21F8900E835EF /* grayscale.h */,
				2FCEF9E421E1472700F3A80B /* tsl.h */,
				2FAABC8321D3F67D00D47DE9 /* hwb.h */,
				9F8ABE4420A9BAE10001F811 /* xyy.h */,
				9F8ABE3F20A982270001F811 /* lchlab.h */,
				9FC5E6F620A4ED4B00667C61 /* lch.h */,
				9FA29B5620757F6B009DC625 /* luv.h */,
				9F10A9BB20605C7F00692EA8 /* lab.h */,
				9F4D411920599A590031CDA5 /* argb.h */,
				9FFE470920572EE800EA68D5 /* xyz.h */,
				9FFE46FA20567B8B00EA68D5 /* yuv.h */,
				9FF5D4E52048A99C00D364BD /* hsv.h */,
				9FB09144203DE0B000249EEB /* hsl.h */,
				9F8BC448203CC9EE001709CA /* hue.h */,
				9F83F43E20358ACF00F16CF6 /* cymk.h */,
				9F05AC0B2029208B00734C15 /* rgb.h */,
				9F9AA8A52029DE74008A28B8 /* helper.h */,
				9F9AA8A9202A546B008A28B8 /* hex.h */,
				9FC4EB8420319B990083637E /* ycbcr.h */,
				9FFE470C20573A5300EA68D5 /* srgb.h */,
				2FE6F42221A6135E001E3D17 /* errors.h */,
				2FECDFFA21A7605B008F4DE5 /* xyz_constant.h */,
			);
			path = include;
			sourceTree = "<group>";
		};
/* End PBXGroup section */

/* Begin PBXNativeTarget section */
		9F3A07AD2028891300CB2311 /* lymui */ = {
			isa = PBXNativeTarget;
			buildConfigurationList = 9F3A07B52028891300CB2311 /* Build configuration list for PBXNativeTarget "lymui" */;
			buildPhases = (
				9F3A07AA2028891300CB2311 /* Sources */,
				9F3A07AB2028891300CB2311 /* Frameworks */,
				9F3A07AC2028891300CB2311 /* CopyFiles */,
			);
			buildRules = (
			);
			dependencies = (
			);
			name = lymui;
			productName = lymui;
			productReference = 9F3A07AE2028891300CB2311 /* lymui */;
			productType = "com.apple.product-type.tool";
		};
/* End PBXNativeTarget section */

/* Begin PBXProject section */
		9F3A07A62028891300CB2311 /* Project object */ = {
			isa = PBXProject;
			attributes = {
				LastUpgradeCheck = 0930;
				ORGANIZATIONNAME = Marc;
				TargetAttributes = {
					9F3A07AD2028891300CB2311 = {
						CreatedOnToolsVersion = 9.2;
						ProvisioningStyle = Automatic;
					};
				};
			};
			buildConfigurationList = 9F3A07A92028891300CB2311 /* Build configuration list for PBXProject "lymui" */;
			compatibilityVersion = "Xcode 8.0";
			developmentRegion = en;
			hasScannedForEncodings = 0;
			knownRegions = (
				en,
			);
			mainGroup = 9F3A07A52028891300CB2311;
			productRefGroup = 9F3A07AF2028891300CB2311 /* Products */;
			projectDirPath = "";
			projectRoot = "";
			targets = (
				9F3A07AD2028891300CB2311 /* lymui */,
			);
		};
/* End PBXProject section */

/* Begin PBXSourcesBuildPhase section */
		9F3A07AA2028891300CB2311 /* Sources */ = {
			isa = PBXSourcesBuildPhase;
			buildActionMask = 2147483647;
			files = (
				9F8ABE4620A9BAE10001F811 /* xyy.c in Sources */,
				9F4D411B20599A590031CDA5 /* argb.c in Sources */,
				9F8BC44A203CC9EE001709CA /* hue.c in Sources */,
				2FCEF9E621E1472700F3A80B /* tsl.c in Sources */,
				9FFE470B20572EE800EA68D5 /* xyz.c in Sources */,
				9F8ABE4320A9925A0001F811 /* lch_lab_test.c in Sources */,
				9F3A07B22028891300CB2311 /* main.c in Sources */,
				9F04726F203476D1000639EA /* rgb_test.c in Sources */,
				9F04727120347861000639EA /* hex_test.c in Sources */,
				9F8ABE4820AA22630001F811 /* xyy_test.c in Sources */,
				9FFE470E20573A7A00EA68D5 /* srgb.c in Sources */,
				2F7BBA6421E2326700E835EF /* grayscale_test.c in Sources */,
				9F4D411D20599E020031CDA5 /* argb_test.c in Sources */,
				2FAABC8721D3FD8700D47DE9 /* hwb_test.c in Sources */,
				9FFE46FC20567B8B00EA68D5 /* yuv.c in Sources */,
				9FC5E6F820A4ED4B00667C61 /* lch.c in Sources */,
				9F649FBE20580CF10019A8BD /* xyz_test.c in Sources */,
				9F649FBC2057E45C0019A8BD /* srgb_test.c in Sources */,
				9F8BC44C203CD17F001709CA /* hue_test.c in Sources */,
				9FC4EB8620319B990083637E /* ycbcr.c in Sources */,
				9FF5D4E72048A99C00D364BD /* hsv.c in Sources */,
				9F9AA8A72029DE74008A28B8 /* helper.c in Sources */,
				9FECCB452061BA6200725C97 /* lab_test.c in Sources */,
				9F05AC0D2029208B00734C15 /* rgb.c in Sources */,
				9F8ABE4120A982270001F811 /* lchlab.c in Sources */,
				9F10A9BD20605C7F00692EA8 /* lab.c in Sources */,
				9FA29B5820757F6B009DC625 /* luv.c in Sources */,
				9F9AA8AB202A546B008A28B8 /* hex.c in Sources */,
				9F04727320348E67000639EA /* ycbcr_test.c in Sources */,
				9F41ED57207CD80E00B8B644 /* luv_test.c in Sources */,
				2FAABC8521D3F67D00D47DE9 /* hwb.c in Sources */,
				9F04979C204D485200173243 /* hsv_test.c in Sources */,
				9F83F44020358ACF00F16CF6 /* cymk.c in Sources */,
				2F7BBA6221E21F8900E835EF /* grayscale.c in Sources */,
				9F83F4422035922A00F16CF6 /* cymk_test.c in Sources */,
				2FCEF9E821E151CA00F3A80B /* tsl_test.c in Sources */,
				9FB09146203DE0B000249EEB /* hsl.c in Sources */,
				9FFE46FE20568E4900EA68D5 /* yuv_test.c in Sources */,
				9F6F0FD0203F6FDE00113349 /* hsl_test.c in Sources */,
				9F4186EE20A62B3000CD500A /* lch_test.c in Sources */,
			);
			runOnlyForDeploymentPostprocessing = 0;
		};
/* End PBXSourcesBuildPhase section */

/* Begin XCBuildConfiguration section */
		9F3A07B32028891300CB2311 /* Debug */ = {
			isa = XCBuildConfiguration;
			buildSettings = {
				ALWAYS_SEARCH_USER_PATHS = NO;
				CLANG_ANALYZER_NONNULL = YES;
				CLANG_ANALYZER_NUMBER_OBJECT_CONVERSION = YES_AGGRESSIVE;
				CLANG_CXX_LANGUAGE_STANDARD = "gnu++14";
				CLANG_CXX_LIBRARY = "libc++";
				CLANG_ENABLE_MODULES = YES;
				CLANG_ENABLE_OBJC_ARC = YES;
				CLANG_WARN_BLOCK_CAPTURE_AUTORELEASING = YES;
				CLANG_WARN_BOOL_CONVERSION = YES;
				CLANG_WARN_COMMA = YES;
				CLANG_WARN_CONSTANT_CONVERSION = YES;
				CLANG_WARN_DEPRECATED_OBJC_IMPLEMENTATIONS = YES;
				CLANG_WARN_DIRECT_OBJC_ISA_USAGE = YES_ERROR;
				CLANG_WARN_DOCUMENTATION_COMMENTS = YES;
				CLANG_WARN_EMPTY_BODY = YES;
				CLANG_WARN_ENUM_CONVERSION = YES;
				CLANG_WARN_INFINITE_RECURSION = YES;
				CLANG_WARN_INT_CONVERSION = YES;
				CLANG_WARN_NON_LITERAL_NULL_CONVERSION = YES;
				CLANG_WARN_OBJC_IMPLICIT_RETAIN_SELF = YES;
				CLANG_WARN_OBJC_LITERAL_CONVERSION = YES;
				CLANG_WARN_OBJC_ROOT_CLASS = YES_ERROR;
				CLANG_WARN_RANGE_LOOP_ANALYSIS = YES;
				CLANG_WARN_STRICT_PROTOTYPES = YES;
				CLANG_WARN_SUSPICIOUS_MOVE = YES;
				CLANG_WARN_UNGUARDED_AVAILABILITY = YES_AGGRESSIVE;
				CLANG_WARN_UNREACHABLE_CODE = YES;
				CLANG_WARN__DUPLICATE_METHOD_MATCH = YES;
				CODE_SIGN_IDENTITY = "-";
				COPY_PHASE_STRIP = NO;
				DEBUG_INFORMATION_FORMAT = dwarf;
				ENABLE_STRICT_OBJC_MSGSEND = YES;
				ENABLE_TESTABILITY = YES;
				GCC_C_LANGUAGE_STANDARD = gnu11;
				GCC_DYNAMIC_NO_PIC = NO;
				GCC_NO_COMMON_BLOCKS = YES;
				GCC_OPTIMIZATION_LEVEL = 0;
				GCC_PREPROCESSOR_DEFINITIONS = (
					"DEBUG=1",
					"$(inherited)",
				);
				GCC_WARN_64_TO_32_BIT_CONVERSION = YES;
				GCC_WARN_ABOUT_RETURN_TYPE = YES_ERROR;
				GCC_WARN_UNDECLARED_SELECTOR = YES;
				GCC_WARN_UNINITIALIZED_AUTOS = YES_AGGRESSIVE;
				GCC_WARN_UNUSED_FUNCTION = YES;
				GCC_WARN_UNUSED_VARIABLE = YES;
				MACOSX_DEPLOYMENT_TARGET = 10.13;
				MTL_ENABLE_DEBUG_INFO = YES;
				ONLY_ACTIVE_ARCH = YES;
				SDKROOT = macosx;
			};
			name = Debug;
		};
		9F3A07B42028891300CB2311 /* Release */ = {
			isa = XCBuildConfiguration;
			buildSettings = {
				ALWAYS_SEARCH_USER_PATHS = NO;
				CLANG_ANALYZER_NONNULL = YES;
				CLANG_ANALYZER_NUMBER_OBJECT_CONVERSION = YES_AGGRESSIVE;
				CLANG_CXX_LANGUAGE_STANDARD = "gnu++14";
				CLANG_CXX_LIBRARY = "libc++";
				CLANG_ENABLE_MODULES = YES;
				CLANG_ENABLE_OBJC_ARC = YES;
				CLANG_WARN_BLOCK_CAPTURE_AUTORELEASING = YES;
				CLANG_WARN_BOOL_CONVERSION = YES;
				CLANG_WARN_COMMA = YES;
				CLANG_WARN_CONSTANT_CONVERSION = YES;
				CLANG_WARN_DEPRECATED_OBJC_IMPLEMENTATIONS = YES;
				CLANG_WARN_DIRECT_OBJC_ISA_USAGE = YES_ERROR;
				CLANG_WARN_DOCUMENTATION_COMMENTS = YES;
				CLANG_WARN_EMPTY_BODY = YES;
				CLANG_WARN_ENUM_CONVERSION = YES;
				CLANG_WARN_INFINITE_RECURSION = YES;
				CLANG_WARN_INT_CONVERSION = YES;
				CLANG_WARN_NON_LITERAL_NULL_CONVERSION = YES;
				CLANG_WARN_OBJC_IMPLICIT_RETAIN_SELF = YES;
				CLANG_WARN_OBJC_LITERAL_CONVERSION = YES;
				CLANG_WARN_OBJC_ROOT_CLASS = YES_ERROR;
				CLANG_WARN_RANGE_LOOP_ANALYSIS = YES;
				CLANG_WARN_STRICT_PROTOTYPES = YES;
				CLANG_WARN_SUSPICIOUS_MOVE = YES;
				CLANG_WARN_UNGUARDED_AVAILABILITY = YES_AGGRESSIVE;
				CLANG_WARN_UNREACHABLE_CODE = YES;
				CLANG_WARN__DUPLICATE_METHOD_MATCH = YES;
				CODE_SIGN_IDENTITY = "-";
				COPY_PHASE_STRIP = NO;
				DEBUG_INFORMATION_FORMAT = "dwarf-with-dsym";
				ENABLE_NS_ASSERTIONS = NO;
				ENABLE_STRICT_OBJC_MSGSEND = YES;
				GCC_C_LANGUAGE_STANDARD = gnu11;
				GCC_NO_COMMON_BLOCKS = YES;
				GCC_WARN_64_TO_32_BIT_CONVERSION = YES;
				GCC_WARN_ABOUT_RETURN_TYPE = YES_ERROR;
				GCC_WARN_UNDECLARED_SELECTOR = YES;
				GCC_WARN_UNINITIALIZED_AUTOS = YES_AGGRESSIVE;
				GCC_WARN_UNUSED_FUNCTION = YES;
				GCC_WARN_UNUSED_VARIABLE = YES;
				MACOSX_DEPLOYMENT_TARGET = 10.13;
				MTL_ENABLE_DEBUG_INFO = NO;
				SDKROOT = macosx;
			};
			name = Release;
		};
		9F3A07B62028891300CB2311 /* Debug */ = {
			isa = XCBuildConfiguration;
			buildSettings = {
				CODE_SIGN_STYLE = Automatic;
				EXCLUDED_SOURCE_FILE_NAMES = "";
				"EXCLUDED_SOURCE_FILE_NAMES[arch=*]" = (
					"lymui/binding/*",
					"lymui/binding/normalizer/*",
				);
				"HEADER_SEARCH_PATHS[arch=*]" = (
					"$(SRCROOT)/lib/cunit/include",
					/Users/marcintha/.nvm/versions/node/v8.11.3/include/node,
				);
				LIBRARY_SEARCH_PATHS = (
					"$(inherited)",
					"$(PROJECT_DIR)/lib/cunit",
					/Users/marcintha/.nvm/versions/node/v8.11.3/include/node,
				);
				"LIBRARY_SEARCH_PATHS[arch=*]" = "$(SRCROOT)/lib/cunit";
				MACOSX_DEPLOYMENT_TARGET = 10.14;
				NEW_SETTING = "";
				PRODUCT_NAME = "$(TARGET_NAME)";
				USER_HEADER_SEARCH_PATHS = "$(SRCROOT)/lib/cunit/include /Users/marcintha/.nvm/versions/node/v8.11.3/include/node";
				lol = "";
			};
			name = Debug;
		};
		9F3A07B72028891300CB2311 /* Release */ = {
			isa = XCBuildConfiguration;
			buildSettings = {
				CODE_SIGN_STYLE = Automatic;
				EXCLUDED_SOURCE_FILE_NAMES = "";
				HEADER_SEARCH_PATHS = (
					"$(SRCROOT)/lib/cunit/include",
					/Users/marcintha/.nvm/versions/node/v8.11.3/include/node,
				);
				LIBRARY_SEARCH_PATHS = (
					"$(inherited)",
					"$(PROJECT_DIR)/lib/cunit",
				);
				MACOSX_DEPLOYMENT_TARGET = 10.14;
				NEW_SETTING = "";
				OTHER_LDFLAGS = "";
				PRODUCT_NAME = "$(TARGET_NAME)";
				USER_HEADER_SEARCH_PATHS = "$(SRCROOT)/lib/cunit/include /Users/marcintha/.nvm/versions/node/v8.11.3/include/node";
				lol = "";
			};
			name = Release;
		};
/* End XCBuildConfiguration section */

/* Begin XCConfigurationList section */
		9F3A07A92028891300CB2311 /* Build configuration list for PBXProject "lymui" */ = {
			isa = XCConfigurationList;
			buildConfigurations = (
				9F3A07B32028891300CB2311 /* Debug */,
				9F3A07B42028891300CB2311 /* Release */,
			);
			defaultConfigurationIsVisible = 0;
			defaultConfigurationName = Release;
		};
		9F3A07B52028891300CB2311 /* Build configuration list for PBXNativeTarget "lymui" */ = {
			isa = XCConfigurationList;
			buildConfigurations = (
				9F3A07B62028891300CB2311 /* Debug */,
				9F3A07B72028891300CB2311 /* Release */,
			);
			defaultConfigurationIsVisible = 0;
			defaultConfigurationName = Release;
		};
/* End XCConfigurationList section */
	};
	rootObject = 9F3A07A62028891300CB2311 /* Project object */;
}
