// !$*UTF8*$!
{
	archiveVersion = 1;
	classes = {
	};
	objectVersion = 48;
	objects = {

/* Begin PBXBuildFile section */
		9F05AC0D2029208B00734C15 /* rgb.c in Sources */ = {isa = PBXBuildFile; fileRef = 9F05AC0C2029208B00734C15 /* rgb.c */; };
		9F3A07B22028891300CB2311 /* main.c in Sources */ = {isa = PBXBuildFile; fileRef = 9F3A07B12028891300CB2311 /* main.c */; };
		9F9AA8A72029DE74008A28B8 /* helper.c in Sources */ = {isa = PBXBuildFile; fileRef = 9F9AA8A62029DE74008A28B8 /* helper.c */; };
		9F9AA8AB202A546B008A28B8 /* hex.c in Sources */ = {isa = PBXBuildFile; fileRef = 9F9AA8AA202A546B008A28B8 /* hex.c */; };
/* End PBXBuildFile section */

/* Begin PBXCopyFilesBuildPhase section */
		9F3A07AC2028891300CB2311 /* CopyFiles */ = {
			isa = PBXCopyFilesBuildPhase;
			buildActionMask = 2147483647;
			dstPath = /usr/share/man/man1/;
			dstSubfolderSpec = 0;
			files = (
			);
			runOnlyForDeploymentPostprocessing = 1;
		};
/* End PBXCopyFilesBuildPhase section */

/* Begin PBXFileReference section */
		9F05AC0B2029208B00734C15 /* rgb.h */ = {isa = PBXFileReference; lastKnownFileType = sourcecode.c.h; path = rgb.h; sourceTree = "<group>"; };
		9F05AC0C2029208B00734C15 /* rgb.c */ = {isa = PBXFileReference; lastKnownFileType = sourcecode.c.c; path = rgb.c; sourceTree = "<group>"; };
		9F3A07AE2028891300CB2311 /* lymui */ = {isa = PBXFileReference; explicitFileType = "compiled.mach-o.executable"; includeInIndex = 0; path = lymui; sourceTree = BUILT_PRODUCTS_DIR; };
		9F3A07B12028891300CB2311 /* main.c */ = {isa = PBXFileReference; lastKnownFileType = sourcecode.c.c; path = main.c; sourceTree = "<group>"; };
		9F9AA8A52029DE74008A28B8 /* helper.h */ = {isa = PBXFileReference; lastKnownFileType = sourcecode.c.h; path = helper.h; sourceTree = "<group>"; };
		9F9AA8A62029DE74008A28B8 /* helper.c */ = {isa = PBXFileReference; lastKnownFileType = sourcecode.c.c; path = helper.c; sourceTree = "<group>"; };
		9F9AA8A9202A546B008A28B8 /* hex.h */ = {isa = PBXFileReference; lastKnownFileType = sourcecode.c.h; path = hex.h; sourceTree = "<group>"; };
		9F9AA8AA202A546B008A28B8 /* hex.c */ = {isa = PBXFileReference; lastKnownFileType = sourcecode.c.c; path = hex.c; sourceTree = "<group>"; };
/* End PBXFileReference section */

/* Begin PBXFrameworksBuildPhase section */
		9F3A07AB2028891300CB2311 /* Frameworks */ = {
			isa = PBXFrameworksBuildPhase;
			buildActionMask = 2147483647;
			files = (
			);
			runOnlyForDeploymentPostprocessing = 0;
		};
/* End PBXFrameworksBuildPhase section */

/* Begin PBXGroup section */
		9F3A07A52028891300CB2311 = {
			isa = PBXGroup;
			children = (
				9F3A07B02028891300CB2311 /* lymui */,
				9F3A07AF2028891300CB2311 /* Products */,
			);
			sourceTree = "<group>";
		};
		9F3A07AF2028891300CB2311 /* Products */ = {
			isa = PBXGroup;
			children = (
				9F3A07AE2028891300CB2311 /* lymui */,
			);
			name = Products;
			sourceTree = "<group>";
		};
		9F3A07B02028891300CB2311 /* lymui */ = {
			isa = PBXGroup;
			children = (
				9F3A07B12028891300CB2311 /* main.c */,
				9F05AC0B2029208B00734C15 /* rgb.h */,
				9F05AC0C2029208B00734C15 /* rgb.c */,
				9F9AA8A52029DE74008A28B8 /* helper.h */,
				9F9AA8A62029DE74008A28B8 /* helper.c */,
				9F9AA8A9202A546B008A28B8 /* hex.h */,
				9F9AA8AA202A546B008A28B8 /* hex.c */,
			);
			path = lymui;
			sourceTree = "<group>";
		};
/* End PBXGroup section */

/* Begin PBXNativeTarget section */
		9F3A07AD2028891300CB2311 /* lymui */ = {
			isa = PBXNativeTarget;
			buildConfigurationList = 9F3A07B52028891300CB2311 /* Build configuration list for PBXNativeTarget "lymui" */;
			buildPhases = (
				9F3A07AA2028891300CB2311 /* Sources */,
				9F3A07AB2028891300CB2311 /* Frameworks */,
				9F3A07AC2028891300CB2311 /* CopyFiles */,
			);
			buildRules = (
			);
			dependencies = (
			);
			name = lymui;
			productName = lymui;
			productReference = 9F3A07AE2028891300CB2311 /* lymui */;
			productType = "com.apple.product-type.tool";
		};
/* End PBXNativeTarget section */

/* Begin PBXProject section */
		9F3A07A62028891300CB2311 /* Project object */ = {
			isa = PBXProject;
			attributes = {
				LastUpgradeCheck = 0920;
				ORGANIZATIONNAME = Marc;
				TargetAttributes = {
					9F3A07AD2028891300CB2311 = {
						CreatedOnToolsVersion = 9.2;
						ProvisioningStyle = Automatic;
					};
				};
			};
			buildConfigurationList = 9F3A07A92028891300CB2311 /* Build configuration list for PBXProject "lymui" */;
			compatibilityVersion = "Xcode 8.0";
			developmentRegion = en;
			hasScannedForEncodings = 0;
			knownRegions = (
				en,
			);
			mainGroup = 9F3A07A52028891300CB2311;
			productRefGroup = 9F3A07AF2028891300CB2311 /* Products */;
			projectDirPath = "";
			projectRoot = "";
			targets = (
				9F3A07AD2028891300CB2311 /* lymui */,
			);
		};
/* End PBXProject section */

/* Begin PBXSourcesBuildPhase section */
		9F3A07AA2028891300CB2311 /* Sources */ = {
			isa = PBXSourcesBuildPhase;
			buildActionMask = 2147483647;
			files = (
				9F3A07B22028891300CB2311 /* main.c in Sources */,
				9F9AA8A72029DE74008A28B8 /* helper.c in Sources */,
				9F05AC0D2029208B00734C15 /* rgb.c in Sources */,
				9F9AA8AB202A546B008A28B8 /* hex.c in Sources */,
			);
			runOnlyForDeploymentPostprocessing = 0;
		};
/* End PBXSourcesBuildPhase section */

/* Begin XCBuildConfiguration section */
		9F3A07B32028891300CB2311 /* Debug */ = {
			isa = XCBuildConfiguration;
			buildSettings = {
				ALWAYS_SEARCH_USER_PATHS = NO;
				CLANG_ANALYZER_NONNULL = YES;
				CLANG_ANALYZER_NUMBER_OBJECT_CONVERSION = YES_AGGRESSIVE;
				CLANG_CXX_LANGUAGE_STANDARD = "gnu++14";
				CLANG_CXX_LIBRARY = "libc++";
				CLANG_ENABLE_MODULES = YES;
				CLANG_ENABLE_OBJC_ARC = YES;
				CLANG_WARN_BLOCK_CAPTURE_AUTORELEASING = YES;
				CLANG_WARN_BOOL_CONVERSION = YES;
				CLANG_WARN_COMMA = YES;
				CLANG_WARN_CONSTANT_CONVERSION = YES;
				CLANG_WARN_DIRECT_OBJC_ISA_USAGE = YES_ERROR;
				CLANG_WARN_DOCUMENTATION_COMMENTS = YES;
				CLANG_WARN_EMPTY_BODY = YES;
				CLANG_WARN_ENUM_CONVERSION = YES;
				CLANG_WARN_INFINITE_RECURSION = YES;
				CLANG_WARN_INT_CONVERSION = YES;
				CLANG_WARN_NON_LITERAL_NULL_CONVERSION = YES;
				CLANG_WARN_OBJC_LITERAL_CONVERSION = YES;
				CLANG_WARN_OBJC_ROOT_CLASS = YES_ERROR;
				CLANG_WARN_RANGE_LOOP_ANALYSIS = YES;
				CLANG_WARN_STRICT_PROTOTYPES = YES;
				CLANG_WARN_SUSPICIOUS_MOVE = YES;
				CLANG_WARN_UNGUARDED_AVAILABILITY = YES_AGGRESSIVE;
				CLANG_WARN_UNREACHABLE_CODE = YES;
				CLANG_WARN__DUPLICATE_METHOD_MATCH = YES;
				CODE_SIGN_IDENTITY = "-";
				COPY_PHASE_STRIP = NO;
				DEBUG_INFORMATION_FORMAT = dwarf;
				ENABLE_STRICT_OBJC_MSGSEND = YES;
				ENABLE_TESTABILITY = YES;
				GCC_C_LANGUAGE_STANDARD = gnu11;
				GCC_DYNAMIC_NO_PIC = NO;
				GCC_NO_COMMON_BLOCKS = YES;
				GCC_OPTIMIZATION_LEVEL = 0;
				GCC_PREPROCESSOR_DEFINITIONS = (
					"DEBUG=1",
					"$(inherited)",
				);
				GCC_WARN_64_TO_32_BIT_CONVERSION = YES;
				GCC_WARN_ABOUT_RETURN_TYPE = YES_ERROR;
				GCC_WARN_UNDECLARED_SELECTOR = YES;
				GCC_WARN_UNINITIALIZED_AUTOS = YES_AGGRESSIVE;
				GCC_WARN_UNUSED_FUNCTION = YES;
				GCC_WARN_UNUSED_VARIABLE = YES;
				MACOSX_DEPLOYMENT_TARGET = 10.13;
				MTL_ENABLE_DEBUG_INFO = YES;
				ONLY_ACTIVE_ARCH = YES;
				SDKROOT = macosx;
			};
			name = Debug;
		};
		9F3A07B42028891300CB2311 /* Release */ = {
			isa = XCBuildConfiguration;
			buildSettings = {
				ALWAYS_SEARCH_USER_PATHS = NO;
				CLANG_ANALYZER_NONNULL = YES;
				CLANG_ANALYZER_NUMBER_OBJECT_CONVERSION = YES_AGGRESSIVE;
				CLANG_CXX_LANGUAGE_STANDARD = "gnu++14";
				CLANG_CXX_LIBRARY = "libc++";
				CLANG_ENABLE_MODULES = YES;
				CLANG_ENABLE_OBJC_ARC = YES;
				CLANG_WARN_BLOCK_CAPTURE_AUTORELEASING = YES;
				CLANG_WARN_BOOL_CONVERSION = YES;
				CLANG_WARN_COMMA = YES;
				CLANG_WARN_CONSTANT_CONVERSION = YES;
				CLANG_WARN_DIRECT_OBJC_ISA_USAGE = YES_ERROR;
				CLANG_WARN_DOCUMENTATION_COMMENTS = YES;
				CLANG_WARN_EMPTY_BODY = YES;
				CLANG_WARN_ENUM_CONVERSION = YES;
				CLANG_WARN_INFINITE_RECURSION = YES;
				CLANG_WARN_INT_CONVERSION = YES;
				CLANG_WARN_NON_LITERAL_NULL_CONVERSION = YES;
				CLANG_WARN_OBJC_LITERAL_CONVERSION = YES;
				CLANG_WARN_OBJC_ROOT_CLASS = YES_ERROR;
				CLANG_WARN_RANGE_LOOP_ANALYSIS = YES;
				CLANG_WARN_STRICT_PROTOTYPES = YES;
				CLANG_WARN_SUSPICIOUS_MOVE = YES;
				CLANG_WARN_UNGUARDED_AVAILABILITY = YES_AGGRESSIVE;
				CLANG_WARN_UNREACHABLE_CODE = YES;
				CLANG_WARN__DUPLICATE_METHOD_MATCH = YES;
				CODE_SIGN_IDENTITY = "-";
				COPY_PHASE_STRIP = NO;
				DEBUG_INFORMATION_FORMAT = "dwarf-with-dsym";
				ENABLE_NS_ASSERTIONS = NO;
				ENABLE_STRICT_OBJC_MSGSEND = YES;
				GCC_C_LANGUAGE_STANDARD = gnu11;
				GCC_NO_COMMON_BLOCKS = YES;
				GCC_WARN_64_TO_32_BIT_CONVERSION = YES;
				GCC_WARN_ABOUT_RETURN_TYPE = YES_ERROR;
				GCC_WARN_UNDECLARED_SELECTOR = YES;
				GCC_WARN_UNINITIALIZED_AUTOS = YES_AGGRESSIVE;
				GCC_WARN_UNUSED_FUNCTION = YES;
				GCC_WARN_UNUSED_VARIABLE = YES;
				MACOSX_DEPLOYMENT_TARGET = 10.13;
				MTL_ENABLE_DEBUG_INFO = NO;
				SDKROOT = macosx;
			};
			name = Release;
		};
		9F3A07B62028891300CB2311 /* Debug */ = {
			isa = XCBuildConfiguration;
			buildSettings = {
				CODE_SIGN_STYLE = Automatic;
				PRODUCT_NAME = "$(TARGET_NAME)";
			};
			name = Debug;
		};
		9F3A07B72028891300CB2311 /* Release */ = {
			isa = XCBuildConfiguration;
			buildSettings = {
				CODE_SIGN_STYLE = Automatic;
				PRODUCT_NAME = "$(TARGET_NAME)";
			};
			name = Release;
		};
/* End XCBuildConfiguration section */

/* Begin XCConfigurationList section */
		9F3A07A92028891300CB2311 /* Build configuration list for PBXProject "lymui" */ = {
			isa = XCConfigurationList;
			buildConfigurations = (
				9F3A07B32028891300CB2311 /* Debug */,
				9F3A07B42028891300CB2311 /* Release */,
			);
			defaultConfigurationIsVisible = 0;
			defaultConfigurationName = Release;
		};
		9F3A07B52028891300CB2311 /* Build configuration list for PBXNativeTarget "lymui" */ = {
			isa = XCConfigurationList;
			buildConfigurations = (
				9F3A07B62028891300CB2311 /* Debug */,
				9F3A07B72028891300CB2311 /* Release */,
			);
			defaultConfigurationIsVisible = 0;
			defaultConfigurationName = Release;
		};
/* End XCConfigurationList section */
	};
	rootObject = 9F3A07A62028891300CB2311 /* Project object */;
}
